
Microsoft Visual Studio Solution File, Format Version 12.00
# Visual Studio 2012
Project("{FAE04EC0-301F-11D3-BF4B-00C04F79EFBC}") = "SupplierQuestionnaire", "SupplierQuestionnaire\SupplierQuestionnaire.csproj", "{FA6D31E6-82C3-415E-9ABF-4D7E7BFA5674}"
EndProject
Project("{FAE04EC0-301F-11D3-BF4B-00C04F79EFBC}") = "SupplierQuestionnaire.Tests", "SupplierQuestionnaire.Tests\SupplierQuestionnaire.Tests.csproj", "{785DCD52-50CA-426A-BEB8-492E26C21E17}"
EndProject
Global
	GlobalSection(SolutionConfigurationPlatforms) = preSolution
		Debug|Any CPU = Debug|Any CPU
		Release|Any CPU = Release|Any CPU
	EndGlobalSection
	GlobalSection(ProjectConfigurationPlatforms) = postSolution
		{FA6D31E6-82C3-415E-9ABF-4D7E7BFA5674}.Debug|Any CPU.ActiveCfg = Debug|Any CPU
		{FA6D31E6-82C3-415E-9ABF-4D7E7BFA5674}.Debug|Any CPU.Build.0 = Debug|Any CPU
		{FA6D31E6-82C3-415E-9ABF-4D7E7BFA5674}.Release|Any CPU.ActiveCfg = Release|Any CPU
		{FA6D31E6-82C3-415E-9ABF-4D7E7BFA5674}.Release|Any CPU.Build.0 = Release|Any CPU
		{785DCD52-50CA-426A-BEB8-492E26C21E17}.Debug|Any CPU.ActiveCfg = Debug|Any CPU
		{785DCD52-50CA-426A-BEB8-492E26C21E17}.Debug|Any CPU.Build.0 = Debug|Any CPU
		{785DCD52-50CA-426A-BEB8-492E26C21E17}.Release|Any CPU.ActiveCfg = Release|Any CPU
		{785DCD52-50CA-426A-BEB8-492E26C21E17}.Release|Any CPU.Build.0 = Release|Any CPU
	EndGlobalSection
	GlobalSection(SolutionProperties) = preSolution
		HideSolutionNode = FALSE
	EndGlobalSection
EndGlobal
